version = 1
revision = 1
requires-python = ">=3.13"

[[package]]
name = "cadquery"
version = "2.3.0"
source = { registry = "https://pypi.org/simple" }
sdist = { url = "https://files.pythonhosted.org/packages/01/40/0c61f506eeeb91849a0da665609a51ff97b79ab60b6d2081a21a95f7fd02/cadquery-2.3.0.tar.gz", hash = "sha256:0394300006ccf2644f22b8650609fd7966686781c030592346626df9e00bd2b0", size = 2897953 }
wheels = [
    { url = "https://files.pythonhosted.org/packages/e2/bd/0b9914104b9a6e9fd75566c993ed6e97767735acffbab6997a29c3fd94c3/cadquery-2.3.0-py3-none-any.whl", hash = "sha256:f03076ed775934bca97dcca7c110980513fab591d2420137300a5db1f261740f", size = 145753 },
]

[[package]]
name = "cq-cattable"
version = "0.1.0"
source = { virtual = "." }
dependencies = [
    { name = "cadquery" },
]

[package.metadata]
requires-dist = [{ name = "cadquery", specifier = ">=2.3.0" }]
